// !$*UTF8*$!
{
	archiveVersion = 1;
	classes = {
	};
	objectVersion = 46;
	objects = {

/* Begin PBXBuildFile section */
		6ADA844319B920B300F75302 /* Foundation.framework in Frameworks */ = {isa = PBXBuildFile; fileRef = 6ADA844219B920B300F75302 /* Foundation.framework */; };
		6ADA844519B920B300F75302 /* CoreGraphics.framework in Frameworks */ = {isa = PBXBuildFile; fileRef = 6ADA844419B920B300F75302 /* CoreGraphics.framework */; };
		6ADA844719B920B300F75302 /* UIKit.framework in Frameworks */ = {isa = PBXBuildFile; fileRef = 6ADA844619B920B300F75302 /* UIKit.framework */; };
		6ADA844D19B920B300F75302 /* InfoPlist.strings in Resources */ = {isa = PBXBuildFile; fileRef = 6ADA844B19B920B300F75302 /* InfoPlist.strings */; };
		6ADA844F19B920B300F75302 /* main.m in Sources */ = {isa = PBXBuildFile; fileRef = 6ADA844E19B920B300F75302 /* main.m */; };
		6ADA845319B920B300F75302 /* AppDelegate.m in Sources */ = {isa = PBXBuildFile; fileRef = 6ADA845219B920B300F75302 /* AppDelegate.m */; };
		6ADA845519B920B300F75302 /* Images.xcassets in Resources */ = {isa = PBXBuildFile; fileRef = 6ADA845419B920B300F75302 /* Images.xcassets */; };
		6ADA845C19B920B300F75302 /* XCTest.framework in Frameworks */ = {isa = PBXBuildFile; fileRef = 6ADA845B19B920B300F75302 /* XCTest.framework */; };
		6ADA845D19B920B300F75302 /* Foundation.framework in Frameworks */ = {isa = PBXBuildFile; fileRef = 6ADA844219B920B300F75302 /* Foundation.framework */; };
		6ADA845E19B920B300F75302 /* UIKit.framework in Frameworks */ = {isa = PBXBuildFile; fileRef = 6ADA844619B920B300F75302 /* UIKit.framework */; };
		6ADA846619B920B300F75302 /* InfoPlist.strings in Resources */ = {isa = PBXBuildFile; fileRef = 6ADA846419B920B300F75302 /* InfoPlist.strings */; };
		6ADA846819B920B300F75302 /* scrollLoadingTests.m in Sources */ = {isa = PBXBuildFile; fileRef = 6ADA846719B920B300F75302 /* scrollLoadingTests.m */; };
		6ADA847419B920D800F75302 /* MainViewController.m in Sources */ = {isa = PBXBuildFile; fileRef = 6ADA847219B920D800F75302 /* MainViewController.m */; };
		6ADA847519B920D800F75302 /* MainViewController.xib in Resources */ = {isa = PBXBuildFile; fileRef = 6ADA847319B920D800F75302 /* MainViewController.xib */; };
/* End PBXBuildFile section */

/* Begin PBXContainerItemProxy section */
		6ADA845F19B920B300F75302 /* PBXContainerItemProxy */ = {
			isa = PBXContainerItemProxy;
			containerPortal = 6ADA843719B920B300F75302 /* Project object */;
			proxyType = 1;
			remoteGlobalIDString = 6ADA843E19B920B300F75302;
			remoteInfo = scrollLoading;
		};
/* End PBXContainerItemProxy section */

/* Begin PBXFileReference section */
		6ADA843F19B920B300F75302 /* scrollLoading.app */ = {isa = PBXFileReference; explicitFileType = wrapper.application; includeInIndex = 0; path = scrollLoading.app; sourceTree = BUILT_PRODUCTS_DIR; };
		6ADA844219B920B300F75302 /* Foundation.framework */ = {isa = PBXFileReference; lastKnownFileType = wrapper.framework; name = Foundation.framework; path = System/Library/Frameworks/Foundation.framework; sourceTree = SDKROOT; };
		6ADA844419B920B300F75302 /* CoreGraphics.framework */ = {isa = PBXFileReference; lastKnownFileType = wrapper.framework; name = CoreGraphics.framework; path = System/Library/Frameworks/CoreGraphics.framework; sourceTree = SDKROOT; };
		6ADA844619B920B300F75302 /* UIKit.framework */ = {isa = PBXFileReference; lastKnownFileType = wrapper.framework; name = UIKit.framework; path = System/Library/Frameworks/UIKit.framework; sourceTree = SDKROOT; };
		6ADA844A19B920B300F75302 /* scrollLoading-Info.plist */ = {isa = PBXFileReference; lastKnownFileType = text.plist.xml; path = "scrollLoading-Info.plist"; sourceTree = "<group>"; };
		6ADA844C19B920B300F75302 /* en */ = {isa = PBXFileReference; lastKnownFileType = text.plist.strings; name = en; path = en.lproj/InfoPlist.strings; sourceTree = "<group>"; };
		6ADA844E19B920B300F75302 /* main.m */ = {isa = PBXFileReference; lastKnownFileType = sourcecode.c.objc; path = main.m; sourceTree = "<group>"; };
		6ADA845019B920B300F75302 /* scrollLoading-Prefix.pch */ = {isa = PBXFileReference; lastKnownFileType = sourcecode.c.h; path = "scrollLoading-Prefix.pch"; sourceTree = "<group>"; };
		6ADA845119B920B300F75302 /* AppDelegate.h */ = {isa = PBXFileReference; lastKnownFileType = sourcecode.c.h; path = AppDelegate.h; sourceTree = "<group>"; };
		6ADA845219B920B300F75302 /* AppDelegate.m */ = {isa = PBXFileReference; lastKnownFileType = sourcecode.c.objc; path = AppDelegate.m; sourceTree = "<group>"; };
		6ADA845419B920B300F75302 /* Images.xcassets */ = {isa = PBXFileReference; lastKnownFileType = folder.assetcatalog; path = Images.xcassets; sourceTree = "<group>"; };
		6ADA845A19B920B300F75302 /* scrollLoadingTests.xctest */ = {isa = PBXFileReference; explicitFileType = wrapper.cfbundle; includeInIndex = 0; path = scrollLoadingTests.xctest; sourceTree = BUILT_PRODUCTS_DIR; };
		6ADA845B19B920B300F75302 /* XCTest.framework */ = {isa = PBXFileReference; lastKnownFileType = wrapper.framework; name = XCTest.framework; path = Library/Frameworks/XCTest.framework; sourceTree = DEVELOPER_DIR; };
		6ADA846319B920B300F75302 /* scrollLoadingTests-Info.plist */ = {isa = PBXFileReference; lastKnownFileType = text.plist.xml; path = "scrollLoadingTests-Info.plist"; sourceTree = "<group>"; };
		6ADA846519B920B300F75302 /* en */ = {isa = PBXFileReference; lastKnownFileType = text.plist.strings; name = en; path = en.lproj/InfoPlist.strings; sourceTree = "<group>"; };
		6ADA846719B920B300F75302 /* scrollLoadingTests.m */ = {isa = PBXFileReference; lastKnownFileType = sourcecode.c.objc; path = scrollLoadingTests.m; sourceTree = "<group>"; };
		6ADA847119B920D800F75302 /* MainViewController.h */ = {isa = PBXFileReference; fileEncoding = 4; lastKnownFileType = sourcecode.c.h; path = MainViewController.h; sourceTree = "<group>"; };
		6ADA847219B920D800F75302 /* MainViewController.m */ = {isa = PBXFileReference; fileEncoding = 4; lastKnownFileType = sourcecode.c.objc; path = MainViewController.m; sourceTree = "<group>"; };
		6ADA847319B920D800F75302 /* MainViewController.xib */ = {isa = PBXFileReference; fileEncoding = 4; lastKnownFileType = file.xib; path = MainViewController.xib; sourceTree = "<group>"; };
/* End PBXFileReference section */

/* Begin PBXFrameworksBuildPhase section */
		6ADA843C19B920B300F75302 /* Frameworks */ = {
			isa = PBXFrameworksBuildPhase;
			buildActionMask = 2147483647;
			files = (
				6ADA844519B920B300F75302 /* CoreGraphics.framework in Frameworks */,
				6ADA844719B920B300F75302 /* UIKit.framework in Frameworks */,
				6ADA844319B920B300F75302 /* Foundation.framework in Frameworks */,
			);
			runOnlyForDeploymentPostprocessing = 0;
		};
		6ADA845719B920B300F75302 /* Frameworks */ = {
			isa = PBXFrameworksBuildPhase;
			buildActionMask = 2147483647;
			files = (
				6ADA845C19B920B300F75302 /* XCTest.framework in Frameworks */,
				6ADA845E19B920B300F75302 /* UIKit.framework in Frameworks */,
				6ADA845D19B920B300F75302 /* Foundation.framework in Frameworks */,
			);
			runOnlyForDeploymentPostprocessing = 0;
		};
/* End PBXFrameworksBuildPhase section */

/* Begin PBXGroup section */
		6ADA843619B920B300F75302 = {
			isa = PBXGroup;
			children = (
				6ADA844819B920B300F75302 /* scrollLoading */,
				6ADA846119B920B300F75302 /* scrollLoadingTests */,
				6ADA844119B920B300F75302 /* Frameworks */,
				6ADA844019B920B300F75302 /* Products */,
			);
			sourceTree = "<group>";
		};
		6ADA844019B920B300F75302 /* Products */ = {
			isa = PBXGroup;
			children = (
				6ADA843F19B920B300F75302 /* scrollLoading.app */,
				6ADA845A19B920B300F75302 /* scrollLoadingTests.xctest */,
			);
			name = Products;
			sourceTree = "<group>";
		};
		6ADA844119B920B300F75302 /* Frameworks */ = {
			isa = PBXGroup;
			children = (
				6ADA844219B920B300F75302 /* Foundation.framework */,
				6ADA844419B920B300F75302 /* CoreGraphics.framework */,
				6ADA844619B920B300F75302 /* UIKit.framework */,
				6ADA845B19B920B300F75302 /* XCTest.framework */,
			);
			name = Frameworks;
			sourceTree = "<group>";
		};
		6ADA844819B920B300F75302 /* scrollLoading */ = {
			isa = PBXGroup;
			children = (
				6ADA845119B920B300F75302 /* AppDelegate.h */,
				6ADA845219B920B300F75302 /* AppDelegate.m */,
				6ADA847119B920D800F75302 /* MainViewController.h */,
				6ADA847219B920D800F75302 /* MainViewController.m */,
				6ADA847319B920D800F75302 /* MainViewController.xib */,
				6ADA845419B920B300F75302 /* Images.xcassets */,
				6ADA844919B920B300F75302 /* Supporting Files */,
			);
			path = scrollLoading;
			sourceTree = "<group>";
		};
		6ADA844919B920B300F75302 /* Supporting Files */ = {
			isa = PBXGroup;
			children = (
				6ADA844A19B920B300F75302 /* scrollLoading-Info.plist */,
				6ADA844B19B920B300F75302 /* InfoPlist.strings */,
				6ADA844E19B920B300F75302 /* main.m */,
				6ADA845019B920B300F75302 /* scrollLoading-Prefix.pch */,
			);
			name = "Supporting Files";
			sourceTree = "<group>";
		};
		6ADA846119B920B300F75302 /* scrollLoadingTests */ = {
			isa = PBXGroup;
			children = (
				6ADA846719B920B300F75302 /* scrollLoadingTests.m */,
				6ADA846219B920B300F75302 /* Supporting Files */,
			);
			path = scrollLoadingTests;
			sourceTree = "<group>";
		};
		6ADA846219B920B300F75302 /* Supporting Files */ = {
			isa = PBXGroup;
			children = (
				6ADA846319B920B300F75302 /* scrollLoadingTests-Info.plist */,
				6ADA846419B920B300F75302 /* InfoPlist.strings */,
			);
			name = "Supporting Files";
			sourceTree = "<group>";
		};
/* End PBXGroup section */

/* Begin PBXNativeTarget section */
		6ADA843E19B920B300F75302 /* scrollLoading */ = {
			isa = PBXNativeTarget;
			buildConfigurationList = 6ADA846B19B920B300F75302 /* Build configuration list for PBXNativeTarget "scrollLoading" */;
			buildPhases = (
				6ADA843B19B920B300F75302 /* Sources */,
				6ADA843C19B920B300F75302 /* Frameworks */,
				6ADA843D19B920B300F75302 /* Resources */,
			);
			buildRules = (
			);
			dependencies = (
			);
			name = scrollLoading;
			productName = scrollLoading;
			productReference = 6ADA843F19B920B300F75302 /* scrollLoading.app */;
			productType = "com.apple.product-type.application";
		};
		6ADA845919B920B300F75302 /* scrollLoadingTests */ = {
			isa = PBXNativeTarget;
			buildConfigurationList = 6ADA846E19B920B300F75302 /* Build configuration list for PBXNativeTarget "scrollLoadingTests" */;
			buildPhases = (
				6ADA845619B920B300F75302 /* Sources */,
				6ADA845719B920B300F75302 /* Frameworks */,
				6ADA845819B920B300F75302 /* Resources */,
			);
			buildRules = (
			);
			dependencies = (
				6ADA846019B920B300F75302 /* PBXTargetDependency */,
			);
			name = scrollLoadingTests;
			productName = scrollLoadingTests;
			productReference = 6ADA845A19B920B300F75302 /* scrollLoadingTests.xctest */;
			productType = "com.apple.product-type.bundle.unit-test";
		};
/* End PBXNativeTarget section */

/* Begin PBXProject section */
		6ADA843719B920B300F75302 /* Project object */ = {
			isa = PBXProject;
			attributes = {
				LastUpgradeCheck = 0510;
				ORGANIZATIONNAME = google;
				TargetAttributes = {
					6ADA845919B920B300F75302 = {
						TestTargetID = 6ADA843E19B920B300F75302;
					};
				};
			};
			buildConfigurationList = 6ADA843A19B920B300F75302 /* Build configuration list for PBXProject "scrollLoading" */;
			compatibilityVersion = "Xcode 3.2";
			developmentRegion = English;
			hasScannedForEncodings = 0;
			knownRegions = (
				en,
			);
			mainGroup = 6ADA843619B920B300F75302;
			productRefGroup = 6ADA844019B920B300F75302 /* Products */;
			projectDirPath = "";
			projectRoot = "";
			targets = (
				6ADA843E19B920B300F75302 /* scrollLoading */,
				6ADA845919B920B300F75302 /* scrollLoadingTests */,
			);
		};
/* End PBXProject section */

/* Begin PBXResourcesBuildPhase section */
		6ADA843D19B920B300F75302 /* Resources */ = {
			isa = PBXResourcesBuildPhase;
			buildActionMask = 2147483647;
			files = (
				6ADA844D19B920B300F75302 /* InfoPlist.strings in Resources */,
				6ADA847519B920D800F75302 /* MainViewController.xib in Resources */,
				6ADA845519B920B300F75302 /* Images.xcassets in Resources */,
			);
			runOnlyForDeploymentPostprocessing = 0;
		};
		6ADA845819B920B300F75302 /* Resources */ = {
			isa = PBXResourcesBuildPhase;
			buildActionMask = 2147483647;
			files = (
				6ADA846619B920B300F75302 /* InfoPlist.strings in Resources */,
			);
			runOnlyForDeploymentPostprocessing = 0;
		};
/* End PBXResourcesBuildPhase section */

/* Begin PBXSourcesBuildPhase section */
		6ADA843B19B920B300F75302 /* Sources */ = {
			isa = PBXSourcesBuildPhase;
			buildActionMask = 2147483647;
			files = (
				6ADA845319B920B300F75302 /* AppDelegate.m in Sources */,
				6ADA847419B920D800F75302 /* MainViewController.m in Sources */,
				6ADA844F19B920B300F75302 /* main.m in Sources */,
			);
			runOnlyForDeploymentPostprocessing = 0;
		};
		6ADA845619B920B300F75302 /* Sources */ = {
			isa = PBXSourcesBuildPhase;
			buildActionMask = 2147483647;
			files = (
				6ADA846819B920B300F75302 /* scrollLoadingTests.m in Sources */,
			);
			runOnlyForDeploymentPostprocessing = 0;
		};
/* End PBXSourcesBuildPhase section */

/* Begin PBXTargetDependency section */
		6ADA846019B920B300F75302 /* PBXTargetDependency */ = {
			isa = PBXTargetDependency;
			target = 6ADA843E19B920B300F75302 /* scrollLoading */;
			targetProxy = 6ADA845F19B920B300F75302 /* PBXContainerItemProxy */;
		};
/* End PBXTargetDependency section */

/* Begin PBXVariantGroup section */
		6ADA844B19B920B300F75302 /* InfoPlist.strings */ = {
			isa = PBXVariantGroup;
			children = (
				6ADA844C19B920B300F75302 /* en */,
			);
			name = InfoPlist.strings;
			sourceTree = "<group>";
		};
		6ADA846419B920B300F75302 /* InfoPlist.strings */ = {
			isa = PBXVariantGroup;
			children = (
				6ADA846519B920B300F75302 /* en */,
			);
			name = InfoPlist.strings;
			sourceTree = "<group>";
		};
/* End PBXVariantGroup section */

/* Begin XCBuildConfiguration section */
		6ADA846919B920B300F75302 /* Debug */ = {
			isa = XCBuildConfiguration;
			buildSettings = {
				ALWAYS_SEARCH_USER_PATHS = NO;
				CLANG_CXX_LANGUAGE_STANDARD = "gnu++0x";
				CLANG_CXX_LIBRARY = "libc++";
				CLANG_ENABLE_MODULES = YES;
				CLANG_ENABLE_OBJC_ARC = YES;
				CLANG_WARN_BOOL_CONVERSION = YES;
				CLANG_WARN_CONSTANT_CONVERSION = YES;
				CLANG_WARN_DIRECT_OBJC_ISA_USAGE = YES_ERROR;
				CLANG_WARN_EMPTY_BODY = YES;
				CLANG_WARN_ENUM_CONVERSION = YES;
				CLANG_WARN_INT_CONVERSION = YES;
				CLANG_WARN_OBJC_ROOT_CLASS = YES_ERROR;
				CLANG_WARN__DUPLICATE_METHOD_MATCH = YES;
				"CODE_SIGN_IDENTITY[sdk=iphoneos*]" = "iPhone Developer";
				COPY_PHASE_STRIP = NO;
				GCC_C_LANGUAGE_STANDARD = gnu99;
				GCC_DYNAMIC_NO_PIC = NO;
				GCC_OPTIMIZATION_LEVEL = 0;
				GCC_PREPROCESSOR_DEFINITIONS = (
					"DEBUG=1",
					"$(inherited)",
				);
				GCC_SYMBOLS_PRIVATE_EXTERN = NO;
				GCC_WARN_64_TO_32_BIT_CONVERSION = YES;
				GCC_WARN_ABOUT_RETURN_TYPE = YES_ERROR;
				GCC_WARN_UNDECLARED_SELECTOR = YES;
				GCC_WARN_UNINITIALIZED_AUTOS = YES_AGGRESSIVE;
				GCC_WARN_UNUSED_FUNCTION = YES;
				GCC_WARN_UNUSED_VARIABLE = YES;
				IPHONEOS_DEPLOYMENT_TARGET = 7.1;
				ONLY_ACTIVE_ARCH = YES;
				SDKROOT = iphoneos;
			};
			name = Debug;
		};
		6ADA846A19B920B300F75302 /* Release */ = {
			isa = XCBuildConfiguration;
			buildSettings = {
				ALWAYS_SEARCH_USER_PATHS = NO;
				CLANG_CXX_LANGUAGE_STANDARD = "gnu++0x";
				CLANG_CXX_LIBRARY = "libc++";
				CLANG_ENABLE_MODULES = YES;
				CLANG_ENABLE_OBJC_ARC = YES;
				CLANG_WARN_BOOL_CONVERSION = YES;
				CLANG_WARN_CONSTANT_CONVERSION = YES;
				CLANG_WARN_DIRECT_OBJC_ISA_USAGE = YES_ERROR;
				CLANG_WARN_EMPTY_BODY = YES;
				CLANG_WARN_ENUM_CONVERSION = YES;
				CLANG_WARN_INT_CONVERSION = YES;
				CLANG_WARN_OBJC_ROOT_CLASS = YES_ERROR;
				CLANG_WARN__DUPLICATE_METHOD_MATCH = YES;
				"CODE_SIGN_IDENTITY[sdk=iphoneos*]" = "iPhone Developer";
				COPY_PHASE_STRIP = YES;
				ENABLE_NS_ASSERTIONS = NO;
				GCC_C_LANGUAGE_STANDARD = gnu99;
				GCC_WARN_64_TO_32_BIT_CONVERSION = YES;
				GCC_WARN_ABOUT_RETURN_TYPE = YES_ERROR;
				GCC_WARN_UNDECLARED_SELECTOR = YES;
				GCC_WARN_UNINITIALIZED_AUTOS = YES_AGGRESSIVE;
				GCC_WARN_UNUSED_FUNCTION = YES;
				GCC_WARN_UNUSED_VARIABLE = YES;
				IPHONEOS_DEPLOYMENT_TARGET = 7.1;
				SDKROOT = iphoneos;
				VALIDATE_PRODUCT = YES;
			};
			name = Release;
		};
		6ADA846C19B920B300F75302 /* Debug */ = {
			isa = XCBuildConfiguration;
			buildSettings = {
				ASSETCATALOG_COMPILER_APPICON_NAME = AppIcon;
				ASSETCATALOG_COMPILER_LAUNCHIMAGE_NAME = LaunchImage;
				GCC_PRECOMPILE_PREFIX_HEADER = YES;
				GCC_PREFIX_HEADER = "scrollLoading/scrollLoading-Prefix.pch";
				INFOPLIST_FILE = "scrollLoading/scrollLoading-Info.plist";
				PRODUCT_NAME = "$(TARGET_NAME)";
				WRAPPER_EXTENSION = app;
			};
			name = Debug;
		};
		6ADA846D19B920B300F75302 /* Release */ = {
			isa = XCBuildConfiguration;
			buildSettings = {
				ASSETCATALOG_COMPILER_APPICON_NAME = AppIcon;
				ASSETCATALOG_COMPILER_LAUNCHIMAGE_NAME = LaunchImage;
				GCC_PRECOMPILE_PREFIX_HEADER = YES;
				GCC_PREFIX_HEADER = "scrollLoading/scrollLoading-Prefix.pch";
				INFOPLIST_FILE = "scrollLoading/scrollLoading-Info.plist";
				PRODUCT_NAME = "$(TARGET_NAME)";
				WRAPPER_EXTENSION = app;
			};
			name = Release;
		};
		6ADA846F19B920B300F75302 /* Debug */ = {
			isa = XCBuildConfiguration;
			buildSettings = {
				BUNDLE_LOADER = "$(BUILT_PRODUCTS_DIR)/scrollLoading.app/scrollLoading";
				FRAMEWORK_SEARCH_PATHS = (
					"$(SDKROOT)/Developer/Library/Frameworks",
					"$(inherited)",
					"$(DEVELOPER_FRAMEWORKS_DIR)",
				);
				GCC_PRECOMPILE_PREFIX_HEADER = YES;
				GCC_PREFIX_HEADER = "scrollLoading/scrollLoading-Prefix.pch";
				GCC_PREPROCESSOR_DEFINITIONS = (
					"DEBUG=1",
					"$(inherited)",
				);
				INFOPLIST_FILE = "scrollLoadingTests/scrollLoadingTests-Info.plist";
				PRODUCT_NAME = "$(TARGET_NAME)";
				TEST_HOST = "$(BUNDLE_LOADER)";
				WRAPPER_EXTENSION = xctest;
			};
			name = Debug;
		};
		6ADA847019B920B300F75302 /* Release */ = {
			isa = XCBuildConfiguration;
			buildSettings = {
				BUNDLE_LOADER = "$(BUILT_PRODUCTS_DIR)/scrollLoading.app/scrollLoading";
				FRAMEWORK_SEARCH_PATHS = (
					"$(SDKROOT)/Developer/Library/Frameworks",
					"$(inherited)",
					"$(DEVELOPER_FRAMEWORKS_DIR)",
				);
				GCC_PRECOMPILE_PREFIX_HEADER = YES;
				GCC_PREFIX_HEADER = "scrollLoading/scrollLoading-Prefix.pch";
				INFOPLIST_FILE = "scrollLoadingTests/scrollLoadingTests-Info.plist";
				PRODUCT_NAME = "$(TARGET_NAME)";
				TEST_HOST = "$(BUNDLE_LOADER)";
				WRAPPER_EXTENSION = xctest;
			};
			name = Release;
		};
/* End XCBuildConfiguration section */

/* Begin XCConfigurationList section */
		6ADA843A19B920B300F75302 /* Build configuration list for PBXProject "scrollLoading" */ = {
			isa = XCConfigurationList;
			buildConfigurations = (
				6ADA846919B920B300F75302 /* Debug */,
				6ADA846A19B920B300F75302 /* Release */,
			);
			defaultConfigurationIsVisible = 0;
			defaultConfigurationName = Release;
		};
		6ADA846B19B920B300F75302 /* Build configuration list for PBXNativeTarget "scrollLoading" */ = {
			isa = XCConfigurationList;
			buildConfigurations = (
				6ADA846C19B920B300F75302 /* Debug */,
				6ADA846D19B920B300F75302 /* Release */,
			);
			defaultConfigurationIsVisible = 0;
		};
		6ADA846E19B920B300F75302 /* Build configuration list for PBXNativeTarget "scrollLoadingTests" */ = {
			isa = XCConfigurationList;
			buildConfigurations = (
				6ADA846F19B920B300F75302 /* Debug */,
				6ADA847019B920B300F75302 /* Release */,
			);
			defaultConfigurationIsVisible = 0;
		};
/* End XCConfigurationList section */
	};
	rootObject = 6ADA843719B920B300F75302 /* Project object */;
}
